
Microsoft Visual Studio Solution File, Format Version 12.00
# Visual Studio Version 17
VisualStudioVersion = 17.6.33815.320
MinimumVisualStudioVersion = 10.0.40219.1
Project("{FAE04EC0-301F-11D3-BF4B-00C04F79EFBC}") = "ExceptionPracticeProblem", "ExceptionPracticeProblem.csproj", "{5B0EFB78-96A0-4171-8DB4-CCCC43130E23}"
EndProject
Project("{FAE04EC0-301F-11D3-BF4B-00C04F79EFBC}") = "PersonTestCase", "..\PersonTestCase\PersonTestCase.csproj", "{8BBDE080-52CA-4C78-A3E5-6FAF23E94AF9}"
EndProject
Global
	GlobalSection(SolutionConfigurationPlatforms) = preSolution
		Debug|Any CPU = Debug|Any CPU
		Release|Any CPU = Release|Any CPU
	EndGlobalSection
	GlobalSection(ProjectConfigurationPlatforms) = postSolution
		{5B0EFB78-96A0-4171-8DB4-CCCC43130E23}.Debug|Any CPU.ActiveCfg = Debug|Any CPU
		{5B0EFB78-96A0-4171-8DB4-CCCC43130E23}.Debug|Any CPU.Build.0 = Debug|Any CPU
		{5B0EFB78-96A0-4171-8DB4-CCCC43130E23}.Release|Any CPU.ActiveCfg = Release|Any CPU
		{5B0EFB78-96A0-4171-8DB4-CCCC43130E23}.Release|Any CPU.Build.0 = Release|Any CPU
		{8BBDE080-52CA-4C78-A3E5-6FAF23E94AF9}.Debug|Any CPU.ActiveCfg = Debug|Any CPU
		{8BBDE080-52CA-4C78-A3E5-6FAF23E94AF9}.Debug|Any CPU.Build.0 = Debug|Any CPU
		{8BBDE080-52CA-4C78-A3E5-6FAF23E94AF9}.Release|Any CPU.ActiveCfg = Release|Any CPU
		{8BBDE080-52CA-4C78-A3E5-6FAF23E94AF9}.Release|Any CPU.Build.0 = Release|Any CPU
	EndGlobalSection
	GlobalSection(SolutionProperties) = preSolution
		HideSolutionNode = FALSE
	EndGlobalSection
	GlobalSection(ExtensibilityGlobals) = postSolution
		SolutionGuid = {B1274BB4-55EC-404F-A738-8983A2A083D3}
	EndGlobalSection
EndGlobal
